
Microsoft Visual Studio Solution File, Format Version 12.00
# Visual Studio Version 16
VisualStudioVersion = 16.0.33027.164
MinimumVisualStudioVersion = 10.0.40219.1
Project("{FAE04EC0-301F-11D3-BF4B-00C04F79EFBC}") = "ConsoleApp_Server", "ConsoleApp_Server\ConsoleApp_Server.csproj", "{D375BDC2-A0E4-4EE5-A06E-E26B31689C3F}"
EndProject
Global
	GlobalSection(SolutionConfigurationPlatforms) = preSolution
		Debug|Any CPU = Debug|Any CPU
		Release|Any CPU = Release|Any CPU
	EndGlobalSection
	GlobalSection(ProjectConfigurationPlatforms) = postSolution
		{D375BDC2-A0E4-4EE5-A06E-E26B31689C3F}.Debug|Any CPU.ActiveCfg = Debug|Any CPU
		{D375BDC2-A0E4-4EE5-A06E-E26B31689C3F}.Debug|Any CPU.Build.0 = Debug|Any CPU
		{D375BDC2-A0E4-4EE5-A06E-E26B31689C3F}.Release|Any CPU.ActiveCfg = Release|Any CPU
		{D375BDC2-A0E4-4EE5-A06E-E26B31689C3F}.Release|Any CPU.Build.0 = Release|Any CPU
	EndGlobalSection
	GlobalSection(SolutionProperties) = preSolution
		HideSolutionNode = FALSE
	EndGlobalSection
	GlobalSection(ExtensibilityGlobals) = postSolution
		SolutionGuid = {A6C9B452-CD14-493F-BBB5-EBB49AFA0A15}
	EndGlobalSection
EndGlobal
